<?xml version="1.0" encoding="utf-8"?>
<Project ToolsVersion="4.0" xmlns="http://schemas.microsoft.com/developer/msbuild/2003">
  <ItemGroup>
    <Filter Include="Source Files">
      <UniqueIdentifier>{4FC737F1-C7A5-4376-A066-2A32D752A2FF}</UniqueIdentifier>
      <Extensions>cpp;c;cc;cxx;def;odl;idl;hpj;bat;asm;asmx</Extensions>
    </Filter>
    <Filter Include="Header Files">
      <UniqueIdentifier>{93995380-89BD-4b04-88EB-625FBE52EBFB}</UniqueIdentifier>
      <Extensions>h;hh;hpp;hxx;hm;inl;inc;xsd</Extensions>
    </Filter>
    <Filter Include="Resource Files">
      <UniqueIdentifier>{67DA6AB6-F800-4c08-8B7A-83BB121AAD01}</UniqueIdentifier>
      <Extensions>rc;ico;cur;bmp;dlg;rc2;rct;bin;rgs;gif;jpg;jpeg;jpe;resx;tiff;tif;png;wav;mfcribbon-ms</Extensions>
    </Filter>
    <Filter Include="Header Files\rare">
      <UniqueIdentifier>{267c9232-f68f-4e14-a2a9-ea5782eebcaa}</UniqueIdentifier>
    </Filter>
    <Filter Include="Unit Tests">
      <UniqueIdentifier>{25a3dcde-caa0-4d93-b232-491efe046ff6}</UniqueIdentifier>
    </Filter>
  </ItemGroup>
  <ItemGroup>
    <ClInclude Include="postag.h">
      <Filter>Header Files</Filter>
    </ClInclude>
    <ClInclude Include="compat.h">
      <Filter>Header Files\rare</Filter>
    </ClInclude>
    <ClInclude Include="stdafx.h">
      <Filter>Header Files\rare</Filter>
    </ClInclude>
    <ClInclude Include="targetver.h">
      <Filter>Header Files\rare</Filter>
    </ClInclude>
    <ClInclude Include="util.h">
      <Filter>Header Files</Filter>
    </ClInclude>
    <ClInclude Include="posdic.h">
      <Filter>Header Files</Filter>
    </ClInclude>
  </ItemGroup>
  <ItemGroup>
    <ClCompile Include="stdafx.cpp">
      <Filter>Source Files</Filter>
    </ClCompile>
    <ClCompile Include="main.cpp">
      <Filter>Source Files</Filter>
    </ClCompile>
    <ClCompile Include="sentence.cpp">
      <Filter>Source Files</Filter>
    </ClCompile>
    <ClCompile Include="token.cpp">
      <Filter>Source Files</Filter>
    </ClCompile>
    <ClCompile Include="worddic.cpp">
      <Filter>Source Files</Filter>
    </ClCompile>
    <ClCompile Include="conjugate.cpp">
      <Filter>Source Files</Filter>
    </ClCompile>
    <ClCompile Include="restapi.cpp">
      <Filter>Source Files</Filter>
    </ClCompile>
    <ClCompile Include="makedic.cpp">
      <Filter>Source Files</Filter>
    </ClCompile>
    <ClCompile Include="util.cpp">
      <Filter>Source Files</Filter>
    </ClCompile>
    <ClCompile Include="..\tests\test_conjugate.cpp">
      <Filter>Unit Tests</Filter>
    </ClCompile>
    <ClCompile Include="..\tests\test_main.cpp">
      <Filter>Unit Tests</Filter>
    </ClCompile>
    <ClCompile Include="..\tests\test_syllable.cpp">
      <Filter>Unit Tests</Filter>
    </ClCompile>
    <ClCompile Include="..\tests\test_split_sentence.cpp">
      <Filter>Unit Tests</Filter>
    </ClCompile>
    <ClCompile Include="paragraph.cpp">
      <Filter>Source Files</Filter>
    </ClCompile>
    <ClCompile Include="character.cpp">
      <Filter>Source Files</Filter>
    </ClCompile>
    <ClCompile Include="bpython.cpp">
      <Filter>Source Files</Filter>
    </ClCompile>
    <ClCompile Include="..\tests\test_pos.cpp">
      <Filter>Unit Tests</Filter>
    </ClCompile>
    <ClCompile Include="..\tests\test_anon_predicate.cpp">
      <Filter>Unit Tests</Filter>
    </ClCompile>
  </ItemGroup>
  <ItemGroup>
    <None Include="packages.config" />
  </ItemGroup>
</Project>